
Microsoft Visual Studio Solution File, Format Version 12.00
# Visual Studio 14
VisualStudioVersion = 14.0.24720.0
MinimumVisualStudioVersion = 10.0.40219.1
Project("{00D1A9C2-B5F0-4AF3-8072-F6C62B433612}") = "SqlTentamedSohail", "SqlTentamedSohail\SqlTentamedSohail.sqlproj", "{5A5D089A-6AA8-4070-AE2C-5D840BA6BB77}"
EndProject
Project("{E24C65DC-7377-472B-9ABA-BC803B73C61A}") = "WebSite2", "..\..\WebSites\WebSite2\", "{E7875392-5DB9-49D1-AC5C-5BF6E8596F5F}"
	ProjectSection(WebsiteProperties) = preProject
		TargetFrameworkMoniker = ".NETFramework,Version%3Dv4.5.2"
		Debug.AspNetCompiler.VirtualPath = "/localhost_53311"
		Debug.AspNetCompiler.PhysicalPath = "..\..\WebSites\WebSite2\"
		Debug.AspNetCompiler.TargetPath = "PrecompiledWeb\localhost_53311\"
		Debug.AspNetCompiler.Updateable = "true"
		Debug.AspNetCompiler.ForceOverwrite = "true"
		Debug.AspNetCompiler.FixedNames = "false"
		Debug.AspNetCompiler.Debug = "True"
		Release.AspNetCompiler.VirtualPath = "/localhost_53311"
		Release.AspNetCompiler.PhysicalPath = "..\..\WebSites\WebSite2\"
		Release.AspNetCompiler.TargetPath = "PrecompiledWeb\localhost_53311\"
		Release.AspNetCompiler.Updateable = "true"
		Release.AspNetCompiler.ForceOverwrite = "true"
		Release.AspNetCompiler.FixedNames = "false"
		Release.AspNetCompiler.Debug = "False"
		VWDPort = "53311"
		DefaultWebSiteLanguage = "Visual C#"
	EndProjectSection
EndProject
Global
	GlobalSection(SolutionConfigurationPlatforms) = preSolution
		Debug|Any CPU = Debug|Any CPU
		Release|Any CPU = Release|Any CPU
	EndGlobalSection
	GlobalSection(ProjectConfigurationPlatforms) = postSolution
		{5A5D089A-6AA8-4070-AE2C-5D840BA6BB77}.Debug|Any CPU.ActiveCfg = Debug|Any CPU
		{5A5D089A-6AA8-4070-AE2C-5D840BA6BB77}.Debug|Any CPU.Build.0 = Debug|Any CPU
		{5A5D089A-6AA8-4070-AE2C-5D840BA6BB77}.Debug|Any CPU.Deploy.0 = Debug|Any CPU
		{5A5D089A-6AA8-4070-AE2C-5D840BA6BB77}.Release|Any CPU.ActiveCfg = Release|Any CPU
		{5A5D089A-6AA8-4070-AE2C-5D840BA6BB77}.Release|Any CPU.Build.0 = Release|Any CPU
		{5A5D089A-6AA8-4070-AE2C-5D840BA6BB77}.Release|Any CPU.Deploy.0 = Release|Any CPU
		{E7875392-5DB9-49D1-AC5C-5BF6E8596F5F}.Debug|Any CPU.ActiveCfg = Debug|Any CPU
		{E7875392-5DB9-49D1-AC5C-5BF6E8596F5F}.Debug|Any CPU.Build.0 = Debug|Any CPU
		{E7875392-5DB9-49D1-AC5C-5BF6E8596F5F}.Release|Any CPU.ActiveCfg = Debug|Any CPU
		{E7875392-5DB9-49D1-AC5C-5BF6E8596F5F}.Release|Any CPU.Build.0 = Debug|Any CPU
	EndGlobalSection
	GlobalSection(SolutionProperties) = preSolution
		HideSolutionNode = FALSE
	EndGlobalSection
EndGlobal
